<?xml version="1.0" encoding="UTF-8" standalone="yes" ?>
<CodeBlocks_project_file>
	<FileVersion major="1" minor="6" />
	<Project>
		<Option title="CardBraider" />
		<Option pch_mode="2" />
		<Option compiler="gcc" />
		<Build>
			<Target title="Debug">
				<Option output="bin/Debug/CardBraider" prefix_auto="1" extension_auto="1" />
				<Option object_output="obj/Debug/" />
				<Option type="1" />
				<Option compiler="gcc" />
				<Compiler>
					<Add option="-std=c++11" />
					<Add option="-g" />
					<Add directory="model" />
					<Add directory="controller" />
					<Add directory="io" />
					<Add directory="utils" />
					<Add directory="view" />
				</Compiler>
				<Linker>
					<Add directory="Model" />
					<Add directory="View" />
					<Add directory="Utils" />
				</Linker>
			</Target>
		</Build>
		<Compiler>
			<Add option="-std=c++11" />
			<Add option="`fltk-config --cxxflags`" />
		</Compiler>
		<Linker>
			<Add option="`fltk-config --ldstaticflags`" />
		</Linker>
		<Unit filename="controller/BaseballCardCollectionWindowController.cpp" />
		<Unit filename="controller/BaseballCardCollectionWindowController.h" />
		<Unit filename="io/BaseballCardBraidedListCSVReader.cpp" />
		<Unit filename="io/BaseballCardBraidedListCSVReader.h" />
		<Unit filename="io/BaseballCardBraidedListCSVWriter.cpp" />
		<Unit filename="io/BaseballCardBraidedListCSVWriter.h" />
		<Unit filename="io/CSVConstants.h" />
		<Unit filename="main.cpp" />
		<Unit filename="model/BaseballCard.cpp" />
		<Unit filename="model/BaseballCard.h" />
		<Unit filename="model/BaseballCardBraidedList.cpp" />
		<Unit filename="model/BaseballCardBraidedList.h" />
		<Unit filename="model/BaseballCardCondition.cpp" />
		<Unit filename="model/BaseballCardCondition.h" />
		<Unit filename="model/BaseballCardNode.cpp" />
		<Unit filename="model/BaseballCardNode.h" />
		<Unit filename="model/BaseballCardNodeFunctionalArgs.cpp" />
		<Unit filename="model/BaseballCardNodeFunctionalArgs.h" />
		<Unit filename="notes.txt" />
		<Unit filename="utils/Utils.cpp" />
		<Unit filename="utils/Utils.h" />
		<Unit filename="view/AddBaseballCardWindow.cpp" />
		<Unit filename="view/AddBaseballCardWindow.h" />
		<Unit filename="view/BaseballCardCollectionWindow.cpp" />
		<Unit filename="view/BaseballCardCollectionWindow.h" />
		<Unit filename="view/DeleteBaseballCardWindow.cpp" />
		<Unit filename="view/DeleteBaseballCardWindow.h" />
		<Unit filename="view/ListTraversalFormatter.cpp" />
		<Unit filename="view/ListTraversalFormatter.h" />
		<Unit filename="view/OKCancelWindow.cpp" />
		<Unit filename="view/OKCancelWindow.h" />
		<Unit filename="view/SortOrder.h" />
		<Extensions>
			<code_completion />
			<debugger />
			<envvars />
		</Extensions>
	</Project>
</CodeBlocks_project_file>
